
Microsoft Visual Studio Solution File, Format Version 12.00
# Visual Studio Version 17
VisualStudioVersion = 17.14.36221.1
MinimumVisualStudioVersion = 10.0.40219.1
Project("{FAE04EC0-301F-11D3-BF4B-00C04F79EFBC}") = "API", "API\API.csproj", "{448F3F71-F863-4C05-A6D1-BC4605F4A6E0}"
EndProject
Project("{FAE04EC0-301F-11D3-BF4B-00C04F79EFBC}") = "Core", "Core\Core.csproj", "{038C8570-3756-4555-9157-978755F906EA}"
EndProject
Project("{FAE04EC0-301F-11D3-BF4B-00C04F79EFBC}") = "Synchronizacja", "Synchronizacja\Synchronizacja.csproj", "{0EBA8F0C-7674-458A-A6A4-13D67D162589}"
EndProject
Project("{FAE04EC0-301F-11D3-BF4B-00C04F79EFBC}") = "Tests", "Tests\Tests.csproj", "{0353EC75-D4C0-4313-972B-ECBF7AC64D43}"
EndProject
Project("{FAE04EC0-301F-11D3-BF4B-00C04F79EFBC}") = "UI", "UI\UI\UI.csproj", "{BBF4CA86-838E-4712-AEDF-112EAEC1BEA5}"
EndProject
Project("{FAE04EC0-301F-11D3-BF4B-00C04F79EFBC}") = "UI.Client", "UI\UI.Client\UI.Client.csproj", "{9E2F67CA-2CC6-46C2-AD19-1413C53745C6}"
EndProject
Global
	GlobalSection(SolutionConfigurationPlatforms) = preSolution
		Debug|Any CPU = Debug|Any CPU
		Release|Any CPU = Release|Any CPU
	EndGlobalSection
	GlobalSection(ProjectConfigurationPlatforms) = postSolution
		{448F3F71-F863-4C05-A6D1-BC4605F4A6E0}.Debug|Any CPU.ActiveCfg = Debug|Any CPU
		{448F3F71-F863-4C05-A6D1-BC4605F4A6E0}.Debug|Any CPU.Build.0 = Debug|Any CPU
		{448F3F71-F863-4C05-A6D1-BC4605F4A6E0}.Release|Any CPU.ActiveCfg = Release|Any CPU
		{448F3F71-F863-4C05-A6D1-BC4605F4A6E0}.Release|Any CPU.Build.0 = Release|Any CPU
		{038C8570-3756-4555-9157-978755F906EA}.Debug|Any CPU.ActiveCfg = Debug|Any CPU
		{038C8570-3756-4555-9157-978755F906EA}.Debug|Any CPU.Build.0 = Debug|Any CPU
		{038C8570-3756-4555-9157-978755F906EA}.Release|Any CPU.ActiveCfg = Release|Any CPU
		{038C8570-3756-4555-9157-978755F906EA}.Release|Any CPU.Build.0 = Release|Any CPU
		{0EBA8F0C-7674-458A-A6A4-13D67D162589}.Debug|Any CPU.ActiveCfg = Debug|Any CPU
		{0EBA8F0C-7674-458A-A6A4-13D67D162589}.Debug|Any CPU.Build.0 = Debug|Any CPU
		{0EBA8F0C-7674-458A-A6A4-13D67D162589}.Release|Any CPU.ActiveCfg = Release|Any CPU
		{0EBA8F0C-7674-458A-A6A4-13D67D162589}.Release|Any CPU.Build.0 = Release|Any CPU
		{0353EC75-D4C0-4313-972B-ECBF7AC64D43}.Debug|Any CPU.ActiveCfg = Debug|Any CPU
		{0353EC75-D4C0-4313-972B-ECBF7AC64D43}.Debug|Any CPU.Build.0 = Debug|Any CPU
		{0353EC75-D4C0-4313-972B-ECBF7AC64D43}.Release|Any CPU.ActiveCfg = Release|Any CPU
		{0353EC75-D4C0-4313-972B-ECBF7AC64D43}.Release|Any CPU.Build.0 = Release|Any CPU
		{BBF4CA86-838E-4712-AEDF-112EAEC1BEA5}.Debug|Any CPU.ActiveCfg = Debug|Any CPU
		{BBF4CA86-838E-4712-AEDF-112EAEC1BEA5}.Debug|Any CPU.Build.0 = Debug|Any CPU
		{BBF4CA86-838E-4712-AEDF-112EAEC1BEA5}.Release|Any CPU.ActiveCfg = Release|Any CPU
		{BBF4CA86-838E-4712-AEDF-112EAEC1BEA5}.Release|Any CPU.Build.0 = Release|Any CPU
		{9E2F67CA-2CC6-46C2-AD19-1413C53745C6}.Debug|Any CPU.ActiveCfg = Debug|Any CPU
		{9E2F67CA-2CC6-46C2-AD19-1413C53745C6}.Debug|Any CPU.Build.0 = Debug|Any CPU
		{9E2F67CA-2CC6-46C2-AD19-1413C53745C6}.Release|Any CPU.ActiveCfg = Release|Any CPU
		{9E2F67CA-2CC6-46C2-AD19-1413C53745C6}.Release|Any CPU.Build.0 = Release|Any CPU
	EndGlobalSection
	GlobalSection(SolutionProperties) = preSolution
		HideSolutionNode = FALSE
	EndGlobalSection
	GlobalSection(ExtensibilityGlobals) = postSolution
		SolutionGuid = {412A1659-0AE3-4952-BC7F-EA30C9F60B96}
	EndGlobalSection
EndGlobal
